
Microsoft Visual Studio Solution File, Format Version 12.00
# Visual Studio Version 17
VisualStudioVersion = 17.11.35303.130
MinimumVisualStudioVersion = 10.0.40219.1
Project("{9A19103F-16F7-4668-BE54-9A1E7A4F7556}") = "testcopilotapi", "testcopilotapi\testcopilotapi.csproj", "{872D376F-43E1-4825-982A-F46B932FEE7D}"
EndProject
Project("{FAE04EC0-301F-11D3-BF4B-00C04F79EFBC}") = "testcopilotapp", "testcopilotapp\testcopilotapp.csproj", "{AF01A23B-73F3-4DFB-BD67-C2643AF8D8FA}"
EndProject
Global
	GlobalSection(SolutionConfigurationPlatforms) = preSolution
		Debug|Any CPU = Debug|Any CPU
		Release|Any CPU = Release|Any CPU
	EndGlobalSection
	GlobalSection(ProjectConfigurationPlatforms) = postSolution
		{872D376F-43E1-4825-982A-F46B932FEE7D}.Debug|Any CPU.ActiveCfg = Debug|Any CPU
		{872D376F-43E1-4825-982A-F46B932FEE7D}.Debug|Any CPU.Build.0 = Debug|Any CPU
		{872D376F-43E1-4825-982A-F46B932FEE7D}.Release|Any CPU.ActiveCfg = Release|Any CPU
		{872D376F-43E1-4825-982A-F46B932FEE7D}.Release|Any CPU.Build.0 = Release|Any CPU
		{AF01A23B-73F3-4DFB-BD67-C2643AF8D8FA}.Debug|Any CPU.ActiveCfg = Debug|Any CPU
		{AF01A23B-73F3-4DFB-BD67-C2643AF8D8FA}.Debug|Any CPU.Build.0 = Debug|Any CPU
		{AF01A23B-73F3-4DFB-BD67-C2643AF8D8FA}.Release|Any CPU.ActiveCfg = Release|Any CPU
		{AF01A23B-73F3-4DFB-BD67-C2643AF8D8FA}.Release|Any CPU.Build.0 = Release|Any CPU
	EndGlobalSection
	GlobalSection(SolutionProperties) = preSolution
		HideSolutionNode = FALSE
	EndGlobalSection
	GlobalSection(ExtensibilityGlobals) = postSolution
		SolutionGuid = {9250BC14-F810-45A8-8E90-0E033E1F0F14}
	EndGlobalSection
EndGlobal
